<?xml version="1.0" encoding="utf-8"?>
<Project ToolsVersion="4.0" xmlns="http://schemas.microsoft.com/developer/msbuild/2003">
  <ItemGroup>
    <Filter Include="Source Files">
      <UniqueIdentifier>{4FC737F1-C7A5-4376-A066-2A32D752A2FF}</UniqueIdentifier>
      <Extensions>cpp;c;cc;cxx;c++;cppm;ixx;def;odl;idl;hpj;bat;asm;asmx</Extensions>
    </Filter>
    <Filter Include="Header Files">
      <UniqueIdentifier>{93995380-89BD-4b04-88EB-625FBE52EBFB}</UniqueIdentifier>
      <Extensions>h;hh;hpp;hxx;h++;hm;inl;inc;ipp;xsd</Extensions>
    </Filter>
    <Filter Include="Resource Files">
      <UniqueIdentifier>{67DA6AB6-F800-4c08-8B7A-83BB121AAD01}</UniqueIdentifier>
      <Extensions>rc;ico;cur;bmp;dlg;rc2;rct;bin;rgs;gif;jpg;jpeg;jpe;resx;tiff;tif;png;wav;mfcribbon-ms</Extensions>
    </Filter>
  </ItemGroup>
  <ItemGroup>
    <ClInclude Include="soroMfcExDialogEx001.h">
      <Filter>Header Files</Filter>
    </ClInclude>
    <ClInclude Include="framework.h">
      <Filter>Header Files</Filter>
    </ClInclude>
    <ClInclude Include="targetver.h">
      <Filter>Header Files</Filter>
    </ClInclude>
    <ClInclude Include="MainFrm.h">
      <Filter>Header Files</Filter>
    </ClInclude>
    <ClInclude Include="soroMfcExDialogEx001Doc.h">
      <Filter>Header Files</Filter>
    </ClInclude>
    <ClInclude Include="soroMfcExDialogEx001View.h">
      <Filter>Header Files</Filter>
    </ClInclude>
    <ClInclude Include="Resource.h">
      <Filter>Header Files</Filter>
    </ClInclude>
    <ClInclude Include="pch.h">
      <Filter>Header Files</Filter>
    </ClInclude>
    <ClInclude Include="CDlgForListCtrl.h">
      <Filter>Header Files</Filter>
    </ClInclude>
    <ClInclude Include="CDlgHasUserClass.h">
      <Filter>Header Files</Filter>
    </ClInclude>
    <ClInclude Include="CUserData.h">
      <Filter>Header Files</Filter>
    </ClInclude>
    <ClInclude Include="CListCtrlUsingSysImages.h">
      <Filter>Header Files</Filter>
    </ClInclude>
    <ClInclude Include="CDlgMyTrCtl.h">
      <Filter>Header Files</Filter>
    </ClInclude>
    <ClInclude Include="CDlgForListCtrlMove.h">
      <Filter>Header Files</Filter>
    </ClInclude>
    <ClInclude Include="CBufferDC.h">
      <Filter>Header Files</Filter>
    </ClInclude>
  </ItemGroup>
  <ItemGroup>
    <ClCompile Include="soroMfcExDialogEx001.cpp">
      <Filter>Source Files</Filter>
    </ClCompile>
    <ClCompile Include="MainFrm.cpp">
      <Filter>Source Files</Filter>
    </ClCompile>
    <ClCompile Include="soroMfcExDialogEx001Doc.cpp">
      <Filter>Source Files</Filter>
    </ClCompile>
    <ClCompile Include="soroMfcExDialogEx001View.cpp">
      <Filter>Source Files</Filter>
    </ClCompile>
    <ClCompile Include="pch.cpp">
      <Filter>Source Files</Filter>
    </ClCompile>
    <ClCompile Include="CDlgForListCtrl.cpp">
      <Filter>Source Files</Filter>
    </ClCompile>
    <ClCompile Include="CDlgHasUserClass.cpp">
      <Filter>Source Files</Filter>
    </ClCompile>
    <ClCompile Include="CUserData.cpp">
      <Filter>Source Files</Filter>
    </ClCompile>
    <ClCompile Include="CListCtrlUsingSysImages.cpp">
      <Filter>Source Files</Filter>
    </ClCompile>
    <ClCompile Include="CDlgMyTrCtl.cpp">
      <Filter>Source Files</Filter>
    </ClCompile>
    <ClCompile Include="CDlgForListCtrlMove.cpp">
      <Filter>Source Files</Filter>
    </ClCompile>
    <ClCompile Include="CBufferDC.cpp">
      <Filter>Source Files</Filter>
    </ClCompile>
  </ItemGroup>
  <ItemGroup>
    <ResourceCompile Include="soroMfcExDialogEx001.rc">
      <Filter>Resource Files</Filter>
    </ResourceCompile>
  </ItemGroup>
  <ItemGroup>
    <None Include="res\soroMfcExDialogEx001.rc2">
      <Filter>Resource Files</Filter>
    </None>
    <None Include="..\..\..\downloads\avi1.bin">
      <Filter>Resource Files</Filter>
    </None>
    <None Include="..\..\..\downloads\avi2.bin">
      <Filter>Resource Files</Filter>
    </None>
    <None Include="..\..\..\Downloads\file_example_AVI_480_750kB.avi" />
  </ItemGroup>
  <ItemGroup>
    <Image Include="res\soroMfcExDialogEx001Doc.ico">
      <Filter>Resource Files</Filter>
    </Image>
    <Image Include="res\soroMfcExDialogEx001.ico">
      <Filter>Resource Files</Filter>
    </Image>
    <Image Include="res\Toolbar.bmp">
      <Filter>Resource Files</Filter>
    </Image>
    <Image Include="..\..\..\Downloads\Anatom5-People-Disability-Blind.ico">
      <Filter>Resource Files</Filter>
    </Image>
    <Image Include="..\..\..\Downloads\Anatom5-People-Disability-Cochlear.ico">
      <Filter>Resource Files</Filter>
    </Image>
    <Image Include="..\..\..\Downloads\Anatom5-People-Disability-Deaf.ico">
      <Filter>Resource Files</Filter>
    </Image>
    <Image Include="..\..\..\Downloads\Anatom5-People-Disability-Family.ico">
      <Filter>Resource Files</Filter>
    </Image>
    <Image Include="..\..\..\Downloads\Anatom5-People-Disability-Glasses.ico">
      <Filter>Resource Files</Filter>
    </Image>
    <Image Include="..\..\..\Downloads\Anatom5-People-Disability-Reading.ico">
      <Filter>Resource Files</Filter>
    </Image>
    <Image Include="..\..\..\Downloads\Anatom5-People-Disability-Walking.ico">
      <Filter>Resource Files</Filter>
    </Image>
    <Image Include="..\..\..\Pictures\tree-icon.png">
      <Filter>Resource Files</Filter>
    </Image>
    <Image Include="res\Tree.bmp">
      <Filter>Resource Files</Filter>
    </Image>
    <Image Include="res\bitmap2.bmp">
      <Filter>Resource Files</Filter>
    </Image>
    <Image Include="..\..\..\Downloads\Oxygen-Icons.org-Oxygen-Actions-window-close.ico">
      <Filter>Resource Files</Filter>
    </Image>
  </ItemGroup>
</Project>